
Microsoft Visual Studio Solution File, Format Version 12.00
# Visual Studio Version 17
VisualStudioVersion = 17.3.32804.467
MinimumVisualStudioVersion = 10.0.40219.1
Project("{FAE04EC0-301F-11D3-BF4B-00C04F79EFBC}") = "webapp", "webapp\webapp.csproj", "{540F8265-B9A0-4E93-A8F2-5D4AB55E9C2C}"
EndProject
Global
	GlobalSection(SolutionConfigurationPlatforms) = preSolution
		Debug|Any CPU = Debug|Any CPU
		Release|Any CPU = Release|Any CPU
	EndGlobalSection
	GlobalSection(ProjectConfigurationPlatforms) = postSolution
		{540F8265-B9A0-4E93-A8F2-5D4AB55E9C2C}.Debug|Any CPU.ActiveCfg = Debug|Any CPU
		{540F8265-B9A0-4E93-A8F2-5D4AB55E9C2C}.Debug|Any CPU.Build.0 = Debug|Any CPU
		{540F8265-B9A0-4E93-A8F2-5D4AB55E9C2C}.Release|Any CPU.ActiveCfg = Release|Any CPU
		{540F8265-B9A0-4E93-A8F2-5D4AB55E9C2C}.Release|Any CPU.Build.0 = Release|Any CPU
	EndGlobalSection
	GlobalSection(SolutionProperties) = preSolution
		HideSolutionNode = FALSE
	EndGlobalSection
	GlobalSection(ExtensibilityGlobals) = postSolution
		SolutionGuid = {752F7799-EFD4-4E78-BFEB-7E7023908A5A}
	EndGlobalSection
EndGlobal
